// !$*UTF8*$!
{
	archiveVersion = 1;
	classes = {
	};
	objectVersion = 56;
	objects = {

/* Begin PBXBuildFile section */
		8B641CFF2A8BAD070019E0B7 /* AppDelegate.swift in Sources */ = {isa = PBXBuildFile; fileRef = 8B641CFE2A8BAD070019E0B7 /* AppDelegate.swift */; };
		8B641D012A8BAD070019E0B7 /* SceneDelegate.swift in Sources */ = {isa = PBXBuildFile; fileRef = 8B641D002A8BAD070019E0B7 /* SceneDelegate.swift */; };
		8B641D032A8BAD070019E0B7 /* ViewController.swift in Sources */ = {isa = PBXBuildFile; fileRef = 8B641D022A8BAD070019E0B7 /* ViewController.swift */; };
		8B641D062A8BAD070019E0B7 /* Main.storyboard in Resources */ = {isa = PBXBuildFile; fileRef = 8B641D042A8BAD070019E0B7 /* Main.storyboard */; };
		8B641D082A8BAD080019E0B7 /* Assets.xcassets in Resources */ = {isa = PBXBuildFile; fileRef = 8B641D072A8BAD080019E0B7 /* Assets.xcassets */; };
		8B641D0B2A8BAD080019E0B7 /* LaunchScreen.storyboard in Resources */ = {isa = PBXBuildFile; fileRef = 8B641D092A8BAD080019E0B7 /* LaunchScreen.storyboard */; };
		F53E367B947EF04951E8B418 /* Pods_mySampleChatApp.framework in Frameworks */ = {isa = PBXBuildFile; fileRef = 3DA2821E28A033E72F98215B /* Pods_mySampleChatApp.framework */; };
/* End PBXBuildFile section */

/* Begin PBXFileReference section */
		37DDB7A3BBCD66747BEFFB22 /* Pods-mySampleChatApp.release.xcconfig */ = {isa = PBXFileReference; includeInIndex = 1; lastKnownFileType = text.xcconfig; name = "Pods-mySampleChatApp.release.xcconfig"; path = "Target Support Files/Pods-mySampleChatApp/Pods-mySampleChatApp.release.xcconfig"; sourceTree = "<group>"; };
		3DA2821E28A033E72F98215B /* Pods_mySampleChatApp.framework */ = {isa = PBXFileReference; explicitFileType = wrapper.framework; includeInIndex = 0; path = Pods_mySampleChatApp.framework; sourceTree = BUILT_PRODUCTS_DIR; };
		8B641CFB2A8BAD070019E0B7 /* mySampleChatApp.app */ = {isa = PBXFileReference; explicitFileType = wrapper.application; includeInIndex = 0; path = mySampleChatApp.app; sourceTree = BUILT_PRODUCTS_DIR; };
		8B641CFE2A8BAD070019E0B7 /* AppDelegate.swift */ = {isa = PBXFileReference; lastKnownFileType = sourcecode.swift; path = AppDelegate.swift; sourceTree = "<group>"; };
		8B641D002A8BAD070019E0B7 /* SceneDelegate.swift */ = {isa = PBXFileReference; lastKnownFileType = sourcecode.swift; path = SceneDelegate.swift; sourceTree = "<group>"; };
		8B641D022A8BAD070019E0B7 /* ViewController.swift */ = {isa = PBXFileReference; lastKnownFileType = sourcecode.swift; path = ViewController.swift; sourceTree = "<group>"; };
		8B641D052A8BAD070019E0B7 /* Base */ = {isa = PBXFileReference; lastKnownFileType = file.storyboard; name = Base; path = Base.lproj/Main.storyboard; sourceTree = "<group>"; };
		8B641D072A8BAD080019E0B7 /* Assets.xcassets */ = {isa = PBXFileReference; lastKnownFileType = folder.assetcatalog; path = Assets.xcassets; sourceTree = "<group>"; };
		8B641D0A2A8BAD080019E0B7 /* Base */ = {isa = PBXFileReference; lastKnownFileType = file.storyboard; name = Base; path = Base.lproj/LaunchScreen.storyboard; sourceTree = "<group>"; };
		8B641D0C2A8BAD080019E0B7 /* Info.plist */ = {isa = PBXFileReference; lastKnownFileType = text.plist.xml; path = Info.plist; sourceTree = "<group>"; };
		B56536D54A6F3B16F4D5B45B /* Pods-mySampleChatApp.debug.xcconfig */ = {isa = PBXFileReference; includeInIndex = 1; lastKnownFileType = text.xcconfig; name = "Pods-mySampleChatApp.debug.xcconfig"; path = "Target Support Files/Pods-mySampleChatApp/Pods-mySampleChatApp.debug.xcconfig"; sourceTree = "<group>"; };
/* End PBXFileReference section */

/* Begin PBXFrameworksBuildPhase section */
		8B641CF82A8BAD070019E0B7 /* Frameworks */ = {
			isa = PBXFrameworksBuildPhase;
			buildActionMask = 2147483647;
			files = (
				F53E367B947EF04951E8B418 /* Pods_mySampleChatApp.framework in Frameworks */,
			);
			runOnlyForDeploymentPostprocessing = 0;
		};
/* End PBXFrameworksBuildPhase section */

/* Begin PBXGroup section */
		2560D6250EEA57B075157716 /* Frameworks */ = {
			isa = PBXGroup;
			children = (
				3DA2821E28A033E72F98215B /* Pods_mySampleChatApp.framework */,
			);
			name = Frameworks;
			sourceTree = "<group>";
		};
		8B641CF22A8BAD060019E0B7 = {
			isa = PBXGroup;
			children = (
				8B641CFD2A8BAD070019E0B7 /* mySampleChatApp */,
				8B641CFC2A8BAD070019E0B7 /* Products */,
				B1CA4F9692211C33DE189F3A /* Pods */,
				2560D6250EEA57B075157716 /* Frameworks */,
			);
			sourceTree = "<group>";
		};
		8B641CFC2A8BAD070019E0B7 /* Products */ = {
			isa = PBXGroup;
			children = (
				8B641CFB2A8BAD070019E0B7 /* mySampleChatApp.app */,
			);
			name = Products;
			sourceTree = "<group>";
		};
		8B641CFD2A8BAD070019E0B7 /* mySampleChatApp */ = {
			isa = PBXGroup;
			children = (
				8B641CFE2A8BAD070019E0B7 /* AppDelegate.swift */,
				8B641D002A8BAD070019E0B7 /* SceneDelegate.swift */,
				8B641D022A8BAD070019E0B7 /* ViewController.swift */,
				8B641D042A8BAD070019E0B7 /* Main.storyboard */,
				8B641D072A8BAD080019E0B7 /* Assets.xcassets */,
				8B641D092A8BAD080019E0B7 /* LaunchScreen.storyboard */,
				8B641D0C2A8BAD080019E0B7 /* Info.plist */,
			);
			path = mySampleChatApp;
			sourceTree = "<group>";
		};
		B1CA4F9692211C33DE189F3A /* Pods */ = {
			isa = PBXGroup;
			children = (
				B56536D54A6F3B16F4D5B45B /* Pods-mySampleChatApp.debug.xcconfig */,
				37DDB7A3BBCD66747BEFFB22 /* Pods-mySampleChatApp.release.xcconfig */,
			);
			name = Pods;
			path = Pods;
			sourceTree = "<group>";
		};
/* End PBXGroup section */

/* Begin PBXNativeTarget section */
		8B641CFA2A8BAD070019E0B7 /* mySampleChatApp */ = {
			isa = PBXNativeTarget;
			buildConfigurationList = 8B641D0F2A8BAD080019E0B7 /* Build configuration list for PBXNativeTarget "mySampleChatApp" */;
			buildPhases = (
				E45D9064F98F18182FD0DE34 /* [CP] Check Pods Manifest.lock */,
				8B641CF72A8BAD070019E0B7 /* Sources */,
				8B641CF82A8BAD070019E0B7 /* Frameworks */,
				8B641CF92A8BAD070019E0B7 /* Resources */,
				518E8F5758E46D990F42BC10 /* [CP] Embed Pods Frameworks */,
			);
			buildRules = (
			);
			dependencies = (
			);
			name = mySampleChatApp;
			productName = mySampleChatApp;
			productReference = 8B641CFB2A8BAD070019E0B7 /* mySampleChatApp.app */;
			productType = "com.apple.product-type.application";
		};
/* End PBXNativeTarget section */

/* Begin PBXProject section */
		8B641CF32A8BAD060019E0B7 /* Project object */ = {
			isa = PBXProject;
			attributes = {
				BuildIndependentTargetsInParallel = 1;
				LastSwiftUpdateCheck = 1430;
				LastUpgradeCheck = 1430;
				TargetAttributes = {
					8B641CFA2A8BAD070019E0B7 = {
						CreatedOnToolsVersion = 14.3;
					};
				};
			};
			buildConfigurationList = 8B641CF62A8BAD060019E0B7 /* Build configuration list for PBXProject "mySampleChatApp" */;
			compatibilityVersion = "Xcode 14.0";
			developmentRegion = en;
			hasScannedForEncodings = 0;
			knownRegions = (
				en,
				Base,
			);
			mainGroup = 8B641CF22A8BAD060019E0B7;
			productRefGroup = 8B641CFC2A8BAD070019E0B7 /* Products */;
			projectDirPath = "";
			projectRoot = "";
			targets = (
				8B641CFA2A8BAD070019E0B7 /* mySampleChatApp */,
			);
		};
/* End PBXProject section */

/* Begin PBXResourcesBuildPhase section */
		8B641CF92A8BAD070019E0B7 /* Resources */ = {
			isa = PBXResourcesBuildPhase;
			buildActionMask = 2147483647;
			files = (
				8B641D0B2A8BAD080019E0B7 /* LaunchScreen.storyboard in Resources */,
				8B641D082A8BAD080019E0B7 /* Assets.xcassets in Resources */,
				8B641D062A8BAD070019E0B7 /* Main.storyboard in Resources */,
			);
			runOnlyForDeploymentPostprocessing = 0;
		};
/* End PBXResourcesBuildPhase section */

/* Begin PBXShellScriptBuildPhase section */
		518E8F5758E46D990F42BC10 /* [CP] Embed Pods Frameworks */ = {
			isa = PBXShellScriptBuildPhase;
			buildActionMask = 2147483647;
			files = (
			);
			inputFileListPaths = (
				"${PODS_ROOT}/Target Support Files/Pods-mySampleChatApp/Pods-mySampleChatApp-frameworks-${CONFIGURATION}-input-files.xcfilelist",
			);
			name = "[CP] Embed Pods Frameworks";
			outputFileListPaths = (
				"${PODS_ROOT}/Target Support Files/Pods-mySampleChatApp/Pods-mySampleChatApp-frameworks-${CONFIGURATION}-output-files.xcfilelist",
			);
			runOnlyForDeploymentPostprocessing = 0;
			shellPath = /bin/sh;
			shellScript = "\"${PODS_ROOT}/Target Support Files/Pods-mySampleChatApp/Pods-mySampleChatApp-frameworks.sh\"\n";
			showEnvVarsInLog = 0;
		};
		E45D9064F98F18182FD0DE34 /* [CP] Check Pods Manifest.lock */ = {
			isa = PBXShellScriptBuildPhase;
			buildActionMask = 2147483647;
			files = (
			);
			inputFileListPaths = (
			);
			inputPaths = (
				"${PODS_PODFILE_DIR_PATH}/Podfile.lock",
				"${PODS_ROOT}/Manifest.lock",
			);
			name = "[CP] Check Pods Manifest.lock";
			outputFileListPaths = (
			);
			outputPaths = (
				"$(DERIVED_FILE_DIR)/Pods-mySampleChatApp-checkManifestLockResult.txt",
			);
			runOnlyForDeploymentPostprocessing = 0;
			shellPath = /bin/sh;
			shellScript = "diff \"${PODS_PODFILE_DIR_PATH}/Podfile.lock\" \"${PODS_ROOT}/Manifest.lock\" > /dev/null\nif [ $? != 0 ] ; then\n    # print error to STDERR\n    echo \"error: The sandbox is not in sync with the Podfile.lock. Run 'pod install' or update your CocoaPods installation.\" >&2\n    exit 1\nfi\n# This output is used by Xcode 'outputs' to avoid re-running this script phase.\necho \"SUCCESS\" > \"${SCRIPT_OUTPUT_FILE_0}\"\n";
			showEnvVarsInLog = 0;
		};
/* End PBXShellScriptBuildPhase section */

/* Begin PBXSourcesBuildPhase section */
		8B641CF72A8BAD070019E0B7 /* Sources */ = {
			isa = PBXSourcesBuildPhase;
			buildActionMask = 2147483647;
			files = (
				8B641D032A8BAD070019E0B7 /* ViewController.swift in Sources */,
				8B641CFF2A8BAD070019E0B7 /* AppDelegate.swift in Sources */,
				8B641D012A8BAD070019E0B7 /* SceneDelegate.swift in Sources */,
			);
			runOnlyForDeploymentPostprocessing = 0;
		};
/* End PBXSourcesBuildPhase section */

/* Begin PBXVariantGroup section */
		8B641D042A8BAD070019E0B7 /* Main.storyboard */ = {
			isa = PBXVariantGroup;
			children = (
				8B641D052A8BAD070019E0B7 /* Base */,
			);
			name = Main.storyboard;
			sourceTree = "<group>";
		};
		8B641D092A8BAD080019E0B7 /* LaunchScreen.storyboard */ = {
			isa = PBXVariantGroup;
			children = (
				8B641D0A2A8BAD080019E0B7 /* Base */,
			);
			name = LaunchScreen.storyboard;
			sourceTree = "<group>";
		};
/* End PBXVariantGroup section */

/* Begin XCBuildConfiguration section */
		8B641D0D2A8BAD080019E0B7 /* Debug */ = {
			isa = XCBuildConfiguration;
			buildSettings = {
				ALWAYS_SEARCH_USER_PATHS = NO;
				CLANG_ANALYZER_NONNULL = YES;
				CLANG_ANALYZER_NUMBER_OBJECT_CONVERSION = YES_AGGRESSIVE;
				CLANG_CXX_LANGUAGE_STANDARD = "gnu++20";
				CLANG_ENABLE_MODULES = YES;
				CLANG_ENABLE_OBJC_ARC = YES;
				CLANG_ENABLE_OBJC_WEAK = YES;
				CLANG_WARN_BLOCK_CAPTURE_AUTORELEASING = YES;
				CLANG_WARN_BOOL_CONVERSION = YES;
				CLANG_WARN_COMMA = YES;
				CLANG_WARN_CONSTANT_CONVERSION = YES;
				CLANG_WARN_DEPRECATED_OBJC_IMPLEMENTATIONS = YES;
				CLANG_WARN_DIRECT_OBJC_ISA_USAGE = YES_ERROR;
				CLANG_WARN_DOCUMENTATION_COMMENTS = YES;
				CLANG_WARN_EMPTY_BODY = YES;
				CLANG_WARN_ENUM_CONVERSION = YES;
				CLANG_WARN_INFINITE_RECURSION = YES;
				CLANG_WARN_INT_CONVERSION = YES;
				CLANG_WARN_NON_LITERAL_NULL_CONVERSION = YES;
				CLANG_WARN_OBJC_IMPLICIT_RETAIN_SELF = YES;
				CLANG_WARN_OBJC_LITERAL_CONVERSION = YES;
				CLANG_WARN_OBJC_ROOT_CLASS = YES_ERROR;
				CLANG_WARN_QUOTED_INCLUDE_IN_FRAMEWORK_HEADER = YES;
				CLANG_WARN_RANGE_LOOP_ANALYSIS = YES;
				CLANG_WARN_STRICT_PROTOTYPES = YES;
				CLANG_WARN_SUSPICIOUS_MOVE = YES;
				CLANG_WARN_UNGUARDED_AVAILABILITY = YES_AGGRESSIVE;
				CLANG_WARN_UNREACHABLE_CODE = YES;
				CLANG_WARN__DUPLICATE_METHOD_MATCH = YES;
				COPY_PHASE_STRIP = NO;
				DEBUG_INFORMATION_FORMAT = dwarf;
				ENABLE_STRICT_OBJC_MSGSEND = YES;
				ENABLE_TESTABILITY = YES;
				GCC_C_LANGUAGE_STANDARD = gnu11;
				GCC_DYNAMIC_NO_PIC = NO;
				GCC_NO_COMMON_BLOCKS = YES;
				GCC_OPTIMIZATION_LEVEL = 0;
				GCC_PREPROCESSOR_DEFINITIONS = (
					"DEBUG=1",
					"$(inherited)",
				);
				GCC_WARN_64_TO_32_BIT_CONVERSION = YES;
				GCC_WARN_ABOUT_RETURN_TYPE = YES_ERROR;
				GCC_WARN_UNDECLARED_SELECTOR = YES;
				GCC_WARN_UNINITIALIZED_AUTOS = YES_AGGRESSIVE;
				GCC_WARN_UNUSED_FUNCTION = YES;
				GCC_WARN_UNUSED_VARIABLE = YES;
				IPHONEOS_DEPLOYMENT_TARGET = 16.4;
				MTL_ENABLE_DEBUG_INFO = INCLUDE_SOURCE;
				MTL_FAST_MATH = YES;
				ONLY_ACTIVE_ARCH = YES;
				SDKROOT = iphoneos;
				SWIFT_ACTIVE_COMPILATION_CONDITIONS = DEBUG;
				SWIFT_OPTIMIZATION_LEVEL = "-Onone";
			};
			name = Debug;
		};
		8B641D0E2A8BAD080019E0B7 /* Release */ = {
			isa = XCBuildConfiguration;
			buildSettings = {
				ALWAYS_SEARCH_USER_PATHS = NO;
				CLANG_ANALYZER_NONNULL = YES;
				CLANG_ANALYZER_NUMBER_OBJECT_CONVERSION = YES_AGGRESSIVE;
				CLANG_CXX_LANGUAGE_STANDARD = "gnu++20";
				CLANG_ENABLE_MODULES = YES;
				CLANG_ENABLE_OBJC_ARC = YES;
				CLANG_ENABLE_OBJC_WEAK = YES;
				CLANG_WARN_BLOCK_CAPTURE_AUTORELEASING = YES;
				CLANG_WARN_BOOL_CONVERSION = YES;
				CLANG_WARN_COMMA = YES;
				CLANG_WARN_CONSTANT_CONVERSION = YES;
				CLANG_WARN_DEPRECATED_OBJC_IMPLEMENTATIONS = YES;
				CLANG_WARN_DIRECT_OBJC_ISA_USAGE = YES_ERROR;
				CLANG_WARN_DOCUMENTATION_COMMENTS = YES;
				CLANG_WARN_EMPTY_BODY = YES;
				CLANG_WARN_ENUM_CONVERSION = YES;
				CLANG_WARN_INFINITE_RECURSION = YES;
				CLANG_WARN_INT_CONVERSION = YES;
				CLANG_WARN_NON_LITERAL_NULL_CONVERSION = YES;
				CLANG_WARN_OBJC_IMPLICIT_RETAIN_SELF = YES;
				CLANG_WARN_OBJC_LITERAL_CONVERSION = YES;
				CLANG_WARN_OBJC_ROOT_CLASS = YES_ERROR;
				CLANG_WARN_QUOTED_INCLUDE_IN_FRAMEWORK_HEADER = YES;
				CLANG_WARN_RANGE_LOOP_ANALYSIS = YES;
				CLANG_WARN_STRICT_PROTOTYPES = YES;
				CLANG_WARN_SUSPICIOUS_MOVE = YES;
				CLANG_WARN_UNGUARDED_AVAILABILITY = YES_AGGRESSIVE;
				CLANG_WARN_UNREACHABLE_CODE = YES;
				CLANG_WARN__DUPLICATE_METHOD_MATCH = YES;
				COPY_PHASE_STRIP = NO;
				DEBUG_INFORMATION_FORMAT = "dwarf-with-dsym";
				ENABLE_NS_ASSERTIONS = NO;
				ENABLE_STRICT_OBJC_MSGSEND = YES;
				GCC_C_LANGUAGE_STANDARD = gnu11;
				GCC_NO_COMMON_BLOCKS = YES;
				GCC_WARN_64_TO_32_BIT_CONVERSION = YES;
				GCC_WARN_ABOUT_RETURN_TYPE = YES_ERROR;
				GCC_WARN_UNDECLARED_SELECTOR = YES;
				GCC_WARN_UNINITIALIZED_AUTOS = YES_AGGRESSIVE;
				GCC_WARN_UNUSED_FUNCTION = YES;
				GCC_WARN_UNUSED_VARIABLE = YES;
				IPHONEOS_DEPLOYMENT_TARGET = 16.4;
				MTL_ENABLE_DEBUG_INFO = NO;
				MTL_FAST_MATH = YES;
				SDKROOT = iphoneos;
				SWIFT_COMPILATION_MODE = wholemodule;
				SWIFT_OPTIMIZATION_LEVEL = "-O";
				VALIDATE_PRODUCT = YES;
			};
			name = Release;
		};
		8B641D102A8BAD080019E0B7 /* Debug */ = {
			isa = XCBuildConfiguration;
			baseConfigurationReference = B56536D54A6F3B16F4D5B45B /* Pods-mySampleChatApp.debug.xcconfig */;
			buildSettings = {
				ASSETCATALOG_COMPILER_APPICON_NAME = AppIcon;
				ASSETCATALOG_COMPILER_GLOBAL_ACCENT_COLOR_NAME = AccentColor;
				CODE_SIGN_STYLE = Automatic;
				CURRENT_PROJECT_VERSION = 1;
				GENERATE_INFOPLIST_FILE = YES;
				INFOPLIST_FILE = mySampleChatApp/Info.plist;
				INFOPLIST_KEY_UIApplicationSupportsIndirectInputEvents = YES;
				INFOPLIST_KEY_UILaunchStoryboardName = LaunchScreen;
				INFOPLIST_KEY_UIMainStoryboardFile = Main;
				INFOPLIST_KEY_UISupportedInterfaceOrientations_iPad = "UIInterfaceOrientationPortrait UIInterfaceOrientationPortraitUpsideDown UIInterfaceOrientationLandscapeLeft UIInterfaceOrientationLandscapeRight";
				INFOPLIST_KEY_UISupportedInterfaceOrientations_iPhone = "UIInterfaceOrientationPortrait UIInterfaceOrientationLandscapeLeft UIInterfaceOrientationLandscapeRight";
				LD_RUNPATH_SEARCH_PATHS = (
					"$(inherited)",
					"@executable_path/Frameworks",
				);
				MARKETING_VERSION = 1.0;
				PRODUCT_BUNDLE_IDENTIFIER = DA.co.za.mySampleChatApp;
				PRODUCT_NAME = "$(TARGET_NAME)";
				SWIFT_EMIT_LOC_STRINGS = YES;
				SWIFT_VERSION = 5.0;
				TARGETED_DEVICE_FAMILY = "1,2";
			};
			name = Debug;
		};
		8B641D112A8BAD080019E0B7 /* Release */ = {
			isa = XCBuildConfiguration;
			baseConfigurationReference = 37DDB7A3BBCD66747BEFFB22 /* Pods-mySampleChatApp.release.xcconfig */;
			buildSettings = {
				ASSETCATALOG_COMPILER_APPICON_NAME = AppIcon;
				ASSETCATALOG_COMPILER_GLOBAL_ACCENT_COLOR_NAME = AccentColor;
				CODE_SIGN_STYLE = Automatic;
				CURRENT_PROJECT_VERSION = 1;
				GENERATE_INFOPLIST_FILE = YES;
				INFOPLIST_FILE = mySampleChatApp/Info.plist;
				INFOPLIST_KEY_UIApplicationSupportsIndirectInputEvents = YES;
				INFOPLIST_KEY_UILaunchStoryboardName = LaunchScreen;
				INFOPLIST_KEY_UIMainStoryboardFile = Main;
				INFOPLIST_KEY_UISupportedInterfaceOrientations_iPad = "UIInterfaceOrientationPortrait UIInterfaceOrientationPortraitUpsideDown UIInterfaceOrientationLandscapeLeft UIInterfaceOrientationLandscapeRight";
				INFOPLIST_KEY_UISupportedInterfaceOrientations_iPhone = "UIInterfaceOrientationPortrait UIInterfaceOrientationLandscapeLeft UIInterfaceOrientationLandscapeRight";
				LD_RUNPATH_SEARCH_PATHS = (
					"$(inherited)",
					"@executable_path/Frameworks",
				);
				MARKETING_VERSION = 1.0;
				PRODUCT_BUNDLE_IDENTIFIER = DA.co.za.mySampleChatApp;
				PRODUCT_NAME = "$(TARGET_NAME)";
				SWIFT_EMIT_LOC_STRINGS = YES;
				SWIFT_VERSION = 5.0;
				TARGETED_DEVICE_FAMILY = "1,2";
			};
			name = Release;
		};
/* End XCBuildConfiguration section */

/* Begin XCConfigurationList section */
		8B641CF62A8BAD060019E0B7 /* Build configuration list for PBXProject "mySampleChatApp" */ = {
			isa = XCConfigurationList;
			buildConfigurations = (
				8B641D0D2A8BAD080019E0B7 /* Debug */,
				8B641D0E2A8BAD080019E0B7 /* Release */,
			);
			defaultConfigurationIsVisible = 0;
			defaultConfigurationName = Release;
		};
		8B641D0F2A8BAD080019E0B7 /* Build configuration list for PBXNativeTarget "mySampleChatApp" */ = {
			isa = XCConfigurationList;
			buildConfigurations = (
				8B641D102A8BAD080019E0B7 /* Debug */,
				8B641D112A8BAD080019E0B7 /* Release */,
			);
			defaultConfigurationIsVisible = 0;
			defaultConfigurationName = Release;
		};
/* End XCConfigurationList section */
	};
	rootObject = 8B641CF32A8BAD060019E0B7 /* Project object */;
}
